{
  "lockfile-version": 1,
  "manifest": {
    "version": 1,
    "install": {
      "go": {
        "pkg-path": "go",
        "version": "^1.22.2"
      }
    },
    "vars": {},
    "hook": {
      "on-activate": "  # Autogenerated by Flox\n\n  # Point GOENV to Flox environment cache\n  export GOENV=\"$FLOX_ENV_CACHE/goenv\"\n\n  # Install Go dependencies\n  go get .\n\n  # End autogenerated by Flox\n"
    },
    "profile": {
      "common": "unset GOROOT\n"
    },
    "options": {
      "systems": [
        "aarch64-darwin",
        "aarch64-linux",
        "x86_64-darwin",
        "x86_64-linux"
      ],
      "allow": {
        "licenses": []
      },
      "semver": {}
    }
  },
  "packages": [
    {
      "attr_path": "go",
      "broken": false,
      "derivation": "/nix/store/kf9cfynwnaafiwrydbjq3rg8cl39x7ab-go-1.22.5.drv",
      "description": "Go Programming language",
      "install_id": "go",
      "license": "BSD-3-Clause",
      "locked_url": "https://github.com/flox/nixpkgs?rev=feb2849fdeb70028c70d73b848214b00d324a497",
      "name": "go-1.22.5",
      "pname": "go",
      "rev": "feb2849fdeb70028c70d73b848214b00d324a497",
      "rev_count": 651108,
      "rev_date": "2024-07-09T16:33:20Z",
      "scrape_date": "2024-07-12T00:17:08Z",
      "stabilities": [
        "staging",
        "unstable"
      ],
      "unfree": false,
      "version": "1.22.5",
      "outputs_to_install": [
        "out"
      ],
      "outputs": {
        "out": "/nix/store/05saqcgidraqmn4z82prsp7rbj9hjmwm-go-1.22.5"
      },
      "system": "aarch64-darwin",
      "group": "toplevel",
      "priority": 5
    },
    {
      "attr_path": "go",
      "broken": false,
      "derivation": "/nix/store/xiw3b87x2vclf70l3vw8zyrp1f9d7a04-go-1.22.5.drv",
      "description": "Go Programming language",
      "install_id": "go",
      "license": "BSD-3-Clause",
      "locked_url": "https://github.com/flox/nixpkgs?rev=feb2849fdeb70028c70d73b848214b00d324a497",
      "name": "go-1.22.5",
      "pname": "go",
      "rev": "feb2849fdeb70028c70d73b848214b00d324a497",
      "rev_count": 651108,
      "rev_date": "2024-07-09T16:33:20Z",
      "scrape_date": "2024-07-12T00:17:08Z",
      "stabilities": [
        "staging",
        "unstable"
      ],
      "unfree": false,
      "version": "1.22.5",
      "outputs_to_install": [
        "out"
      ],
      "outputs": {
        "out": "/nix/store/b97bbxn6kpysysxb8nxn4k39ffxmp4p6-go-1.22.5"
      },
      "system": "aarch64-linux",
      "group": "toplevel",
      "priority": 5
    },
    {
      "attr_path": "go",
      "broken": false,
      "derivation": "/nix/store/m59gdhxsyqdr6b5idcszcas02v0m274i-go-1.22.5.drv",
      "description": "Go Programming language",
      "install_id": "go",
      "license": "BSD-3-Clause",
      "locked_url": "https://github.com/flox/nixpkgs?rev=feb2849fdeb70028c70d73b848214b00d324a497",
      "name": "go-1.22.5",
      "pname": "go",
      "rev": "feb2849fdeb70028c70d73b848214b00d324a497",
      "rev_count": 651108,
      "rev_date": "2024-07-09T16:33:20Z",
      "scrape_date": "2024-07-12T00:17:08Z",
      "stabilities": [
        "staging",
        "unstable"
      ],
      "unfree": false,
      "version": "1.22.5",
      "outputs_to_install": [
        "out"
      ],
      "outputs": {
        "out": "/nix/store/gdyii59c48s4a8q6w584ccgm95qls3lh-go-1.22.5"
      },
      "system": "x86_64-darwin",
      "group": "toplevel",
      "priority": 5
    },
    {
      "attr_path": "go",
      "broken": false,
      "derivation": "/nix/store/4xc10bcp7i0r2q6kkajl9fs8g6nz0wrn-go-1.22.5.drv",
      "description": "Go Programming language",
      "install_id": "go",
      "license": "BSD-3-Clause",
      "locked_url": "https://github.com/flox/nixpkgs?rev=feb2849fdeb70028c70d73b848214b00d324a497",
      "name": "go-1.22.5",
      "pname": "go",
      "rev": "feb2849fdeb70028c70d73b848214b00d324a497",
      "rev_count": 651108,
      "rev_date": "2024-07-09T16:33:20Z",
      "scrape_date": "2024-07-12T00:17:08Z",
      "stabilities": [
        "staging",
        "unstable"
      ],
      "unfree": false,
      "version": "1.22.5",
      "outputs_to_install": [
        "out"
      ],
      "outputs": {
        "out": "/nix/store/3v17dij8rvg7q99009swxg52995r7s22-go-1.22.5"
      },
      "system": "x86_64-linux",
      "group": "toplevel",
      "priority": 5
    }
  ]
}