{"lockfile-version":1,"manifest":{"hook":{"on-activate":"  # Autogenerated by Flox\n\n  python3 -m venv ./.venv\n  source .venv/bin/activate\n  pip install uv\n  uv pip install -r requirements.txt\n  \n\n  # Point GOENV to Flox environment cache\n  unset GOROOT\n  export GOENV=\"$FLOX_ENV_CACHE/goenv\"\n\n  # Install Go dependencies\n  go get .\n\n  # End autogenerated by Flox\n"},"install":{"go":{"pkg-path":"go","version":"^1.22.2"},"golangci-lint":{"pkg-path":"golangci-lint"},"pip":{"pkg-path":"python312Packages.pip"},"python312Full":{"pkg-path":"python312Full"}},"options":{"allow":{"licenses":[]},"semver":{},"systems":["aarch64-darwin","aarch64-linux","x86_64-darwin","x86_64-linux"]},"profile":{"common":"unset GOROOT\nalias uvf=\"uv pip freeze | uv pip compile - -o requirements.txt\"\n"},"vars":{},"version":1},"packages":[{"attr_path":"go","broken":false,"derivation":"/nix/store/qjh0ikk8fbibyav8b3sj0hq8q5jil115-go-1.22.5.drv","description":"Go Programming language","group":"toplevel","install_id":"go","license":"BSD-3-Clause","locked_url":"https://github.com/flox/nixpkgs?rev=cb9a96f23c491c081b38eab96d22fa958043c9fa","name":"go-1.22.5","outputs":{"out":"/nix/store/wkzcrvihdh5fp8h01b699k71gy28zf4l-go-1.22.5"},"outputs_to_install":["out"],"pname":"go","priority":5,"rev":"cb9a96f23c491c081b38eab96d22fa958043c9fa","rev_count":662544,"rev_date":"2024-08-04T23:25:57Z","scrape_date":"2024-08-07T02:06:32Z","stabilities":["unstable"],"system":"aarch64-darwin","unfree":false,"version":"1.22.5"},{"attr_path":"go","broken":false,"derivation":"/nix/store/34dg42frf60c0pl843m96cy4rzvdcahp-go-1.22.5.drv","description":"Go Programming language","group":"toplevel","install_id":"go","license":"BSD-3-Clause","locked_url":"https://github.com/flox/nixpkgs?rev=cb9a96f23c491c081b38eab96d22fa958043c9fa","name":"go-1.22.5","outputs":{"out":"/nix/store/rhcaz092rn71knyhq760qy5sjsy52d22-go-1.22.5"},"outputs_to_install":["out"],"pname":"go","priority":5,"rev":"cb9a96f23c491c081b38eab96d22fa958043c9fa","rev_count":662544,"rev_date":"2024-08-04T23:25:57Z","scrape_date":"2024-08-07T02:06:32Z","stabilities":["unstable"],"system":"aarch64-linux","unfree":false,"version":"1.22.5"},{"attr_path":"go","broken":false,"derivation":"/nix/store/6cmd8rj05vil6d8a6dbhz050d8adpawc-go-1.22.5.drv","description":"Go Programming language","group":"toplevel","install_id":"go","license":"BSD-3-Clause","locked_url":"https://github.com/flox/nixpkgs?rev=cb9a96f23c491c081b38eab96d22fa958043c9fa","name":"go-1.22.5","outputs":{"out":"/nix/store/1m98wp6pzhn4zx7aj8010rh549sh1qql-go-1.22.5"},"outputs_to_install":["out"],"pname":"go","priority":5,"rev":"cb9a96f23c491c081b38eab96d22fa958043c9fa","rev_count":662544,"rev_date":"2024-08-04T23:25:57Z","scrape_date":"2024-08-07T02:06:32Z","stabilities":["unstable"],"system":"x86_64-darwin","unfree":false,"version":"1.22.5"},{"attr_path":"go","broken":false,"derivation":"/nix/store/fzpmnqymzz5acwpd3l7aw7fqczaf3wbg-go-1.22.5.drv","description":"Go Programming language","group":"toplevel","install_id":"go","license":"BSD-3-Clause","locked_url":"https://github.com/flox/nixpkgs?rev=cb9a96f23c491c081b38eab96d22fa958043c9fa","name":"go-1.22.5","outputs":{"out":"/nix/store/kqf4gwhq1yrchvmvqjh4adc4y9hxp9xk-go-1.22.5"},"outputs_to_install":["out"],"pname":"go","priority":5,"rev":"cb9a96f23c491c081b38eab96d22fa958043c9fa","rev_count":662544,"rev_date":"2024-08-04T23:25:57Z","scrape_date":"2024-08-07T02:06:32Z","stabilities":["unstable"],"system":"x86_64-linux","unfree":false,"version":"1.22.5"},{"attr_path":"golangci-lint","broken":false,"derivation":"/nix/store/zncapfqqakxj2j1qhqcvk44m38wcxisv-golangci-lint-1.59.1.drv","description":"Fast linters Runner for Go","group":"toplevel","install_id":"golangci-lint","license":"GPL-3.0-or-later","locked_url":"https://github.com/flox/nixpkgs?rev=cb9a96f23c491c081b38eab96d22fa958043c9fa","name":"golangci-lint-1.59.1","outputs":{"out":"/nix/store/k3rnfx753gnx5v8l3i4sx1g1al2ds0di-golangci-lint-1.59.1"},"outputs_to_install":["out"],"pname":"golangci-lint","priority":5,"rev":"cb9a96f23c491c081b38eab96d22fa958043c9fa","rev_count":662544,"rev_date":"2024-08-04T23:25:57Z","scrape_date":"2024-08-07T02:06:32Z","stabilities":["unstable"],"system":"aarch64-darwin","unfree":false,"version":"1.59.1"},{"attr_path":"golangci-lint","broken":false,"derivation":"/nix/store/8kcx8401mx83ma34n6i1334q52v3fzpc-golangci-lint-1.59.1.drv","description":"Fast linters Runner for Go","group":"toplevel","install_id":"golangci-lint","license":"GPL-3.0-or-later","locked_url":"https://github.com/flox/nixpkgs?rev=cb9a96f23c491c081b38eab96d22fa958043c9fa","name":"golangci-lint-1.59.1","outputs":{"out":"/nix/store/29908ar68rrr9jzdhzcrlkbfk30gnihf-golangci-lint-1.59.1"},"outputs_to_install":["out"],"pname":"golangci-lint","priority":5,"rev":"cb9a96f23c491c081b38eab96d22fa958043c9fa","rev_count":662544,"rev_date":"2024-08-04T23:25:57Z","scrape_date":"2024-08-07T02:06:32Z","stabilities":["unstable"],"system":"aarch64-linux","unfree":false,"version":"1.59.1"},{"attr_path":"golangci-lint","broken":false,"derivation":"/nix/store/aqjf0bikz1w8chy0cw8i1r24pp9iszkb-golangci-lint-1.59.1.drv","description":"Fast linters Runner for Go","group":"toplevel","install_id":"golangci-lint","license":"GPL-3.0-or-later","locked_url":"https://github.com/flox/nixpkgs?rev=cb9a96f23c491c081b38eab96d22fa958043c9fa","name":"golangci-lint-1.59.1","outputs":{"out":"/nix/store/v7882fqgdy46a7l432q11f3xmbln80rc-golangci-lint-1.59.1"},"outputs_to_install":["out"],"pname":"golangci-lint","priority":5,"rev":"cb9a96f23c491c081b38eab96d22fa958043c9fa","rev_count":662544,"rev_date":"2024-08-04T23:25:57Z","scrape_date":"2024-08-07T02:06:32Z","stabilities":["unstable"],"system":"x86_64-darwin","unfree":false,"version":"1.59.1"},{"attr_path":"golangci-lint","broken":false,"derivation":"/nix/store/0wjh0g1maabqa260jdvppjz82hg26srl-golangci-lint-1.59.1.drv","description":"Fast linters Runner for Go","group":"toplevel","install_id":"golangci-lint","license":"GPL-3.0-or-later","locked_url":"https://github.com/flox/nixpkgs?rev=cb9a96f23c491c081b38eab96d22fa958043c9fa","name":"golangci-lint-1.59.1","outputs":{"out":"/nix/store/1m1i9zhrgdw2192803n6wf2k7g86y6d5-golangci-lint-1.59.1"},"outputs_to_install":["out"],"pname":"golangci-lint","priority":5,"rev":"cb9a96f23c491c081b38eab96d22fa958043c9fa","rev_count":662544,"rev_date":"2024-08-04T23:25:57Z","scrape_date":"2024-08-07T02:06:32Z","stabilities":["unstable"],"system":"x86_64-linux","unfree":false,"version":"1.59.1"},{"attr_path":"python312Packages.pip","broken":false,"derivation":"/nix/store/b50y2m3wdhkn21b7m7yv9jwivcacvcx2-python3.12-pip-24.0.drv","description":"PyPA recommended tool for installing Python packages","group":"toplevel","install_id":"pip","license":"[ MIT ]","locked_url":"https://github.com/flox/nixpkgs?rev=cb9a96f23c491c081b38eab96d22fa958043c9fa","name":"python3.12-pip-24.0","outputs":{"dist":"/nix/store/h4m3m9iwlwkapvwc305mvlz1f7qbhrhc-python3.12-pip-24.0-dist","man":"/nix/store/00xxssfzj77qyzm6rsq9rdam76xdjyy7-python3.12-pip-24.0-man","out":"/nix/store/2phwbpnla6js7jg818rfnk1470il3qlw-python3.12-pip-24.0"},"outputs_to_install":["out","man"],"pname":"pip","priority":5,"rev":"cb9a96f23c491c081b38eab96d22fa958043c9fa","rev_count":662544,"rev_date":"2024-08-04T23:25:57Z","scrape_date":"2024-08-07T02:06:32Z","stabilities":["unstable"],"system":"aarch64-darwin","unfree":false,"version":"python3.12-pip-24.0"},{"attr_path":"python312Packages.pip","broken":false,"derivation":"/nix/store/y7b435wv8w7zjw85fgdqc6g269bbvk40-python3.12-pip-24.0.drv","description":"PyPA recommended tool for installing Python packages","group":"toplevel","install_id":"pip","license":"[ MIT ]","locked_url":"https://github.com/flox/nixpkgs?rev=cb9a96f23c491c081b38eab96d22fa958043c9fa","name":"python3.12-pip-24.0","outputs":{"dist":"/nix/store/qjv20ivmz9waz6fcj79x99ym7z68jzll-python3.12-pip-24.0-dist","man":"/nix/store/jhs5bw04bpg1wiqfhaxvfpqkxap9zx9q-python3.12-pip-24.0-man","out":"/nix/store/fsj1wf2gsfj3halhgpjzixfjpq6wg32z-python3.12-pip-24.0"},"outputs_to_install":["out","man"],"pname":"pip","priority":5,"rev":"cb9a96f23c491c081b38eab96d22fa958043c9fa","rev_count":662544,"rev_date":"2024-08-04T23:25:57Z","scrape_date":"2024-08-07T02:06:32Z","stabilities":["unstable"],"system":"aarch64-linux","unfree":false,"version":"python3.12-pip-24.0"},{"attr_path":"python312Packages.pip","broken":false,"derivation":"/nix/store/zmphlg6aqx0lww7n08zdb01gg8w85b0b-python3.12-pip-24.0.drv","description":"PyPA recommended tool for installing Python packages","group":"toplevel","install_id":"pip","license":"[ MIT ]","locked_url":"https://github.com/flox/nixpkgs?rev=cb9a96f23c491c081b38eab96d22fa958043c9fa","name":"python3.12-pip-24.0","outputs":{"dist":"/nix/store/zw1n2w3h2fnfns81xsg5jjsy3fp1rgvn-python3.12-pip-24.0-dist","man":"/nix/store/db1dqnvfnd982bm3i0xvb40998sbk9ch-python3.12-pip-24.0-man","out":"/nix/store/qznnd0mw2fzyb87s2c9gx5dwzj9z5jpw-python3.12-pip-24.0"},"outputs_to_install":["out","man"],"pname":"pip","priority":5,"rev":"cb9a96f23c491c081b38eab96d22fa958043c9fa","rev_count":662544,"rev_date":"2024-08-04T23:25:57Z","scrape_date":"2024-08-07T02:06:32Z","stabilities":["unstable"],"system":"x86_64-darwin","unfree":false,"version":"python3.12-pip-24.0"},{"attr_path":"python312Packages.pip","broken":false,"derivation":"/nix/store/zws89nhiixvlxrw2ypx8296w1d3bx50h-python3.12-pip-24.0.drv","description":"PyPA recommended tool for installing Python packages","group":"toplevel","install_id":"pip","license":"[ MIT ]","locked_url":"https://github.com/flox/nixpkgs?rev=cb9a96f23c491c081b38eab96d22fa958043c9fa","name":"python3.12-pip-24.0","outputs":{"dist":"/nix/store/hyb3xfl692ays034k0lmm9hbmxn6qy88-python3.12-pip-24.0-dist","man":"/nix/store/daq5hs1r5binwq98pxzimm9z2pqim7ns-python3.12-pip-24.0-man","out":"/nix/store/w74nw9zadjnv6fk4ls4fbg3c50hm1hh4-python3.12-pip-24.0"},"outputs_to_install":["out","man"],"pname":"pip","priority":5,"rev":"cb9a96f23c491c081b38eab96d22fa958043c9fa","rev_count":662544,"rev_date":"2024-08-04T23:25:57Z","scrape_date":"2024-08-07T02:06:32Z","stabilities":["unstable"],"system":"x86_64-linux","unfree":false,"version":"python3.12-pip-24.0"},{"attr_path":"python312Full","broken":false,"derivation":"/nix/store/nwk0ni8p1k7943l2rpq4iwjqhl13g0s4-python3-3.12.4.drv","description":"High-level dynamically-typed programming language","group":"toplevel","install_id":"python312Full","license":"Python-2.0","locked_url":"https://github.com/flox/nixpkgs?rev=cb9a96f23c491c081b38eab96d22fa958043c9fa","name":"python3-3.12.4","outputs":{"out":"/nix/store/qhpffsn38h9k45hhql4kbb46kv7k26wv-python3-3.12.4"},"outputs_to_install":["out"],"pname":"python312Full","priority":5,"rev":"cb9a96f23c491c081b38eab96d22fa958043c9fa","rev_count":662544,"rev_date":"2024-08-04T23:25:57Z","scrape_date":"2024-08-07T02:06:32Z","stabilities":["unstable"],"system":"aarch64-darwin","unfree":false,"version":"python3-3.12.4"},{"attr_path":"python312Full","broken":false,"derivation":"/nix/store/al0a4dia7jqhb0lln757g7gm8ypn9q2p-python3-3.12.4.drv","description":"High-level dynamically-typed programming language","group":"toplevel","install_id":"python312Full","license":"Python-2.0","locked_url":"https://github.com/flox/nixpkgs?rev=cb9a96f23c491c081b38eab96d22fa958043c9fa","name":"python3-3.12.4","outputs":{"debug":"/nix/store/ixk0vdlvhc427gk7p43ypr5xvrkmz3hj-python3-3.12.4-debug","out":"/nix/store/i59ryncb2nq18ih1rj3m6qs2jynd3yw0-python3-3.12.4"},"outputs_to_install":["out"],"pname":"python312Full","priority":5,"rev":"cb9a96f23c491c081b38eab96d22fa958043c9fa","rev_count":662544,"rev_date":"2024-08-04T23:25:57Z","scrape_date":"2024-08-07T02:06:32Z","stabilities":["unstable"],"system":"aarch64-linux","unfree":false,"version":"python3-3.12.4"},{"attr_path":"python312Full","broken":false,"derivation":"/nix/store/8v5f8sv8zz0lsc4qy120hb0ahb3qi5ks-python3-3.12.4.drv","description":"High-level dynamically-typed programming language","group":"toplevel","install_id":"python312Full","license":"Python-2.0","locked_url":"https://github.com/flox/nixpkgs?rev=cb9a96f23c491c081b38eab96d22fa958043c9fa","name":"python3-3.12.4","outputs":{"out":"/nix/store/l8dka9r6fj0qrghn2lr539qkqni20s4j-python3-3.12.4"},"outputs_to_install":["out"],"pname":"python312Full","priority":5,"rev":"cb9a96f23c491c081b38eab96d22fa958043c9fa","rev_count":662544,"rev_date":"2024-08-04T23:25:57Z","scrape_date":"2024-08-07T02:06:32Z","stabilities":["unstable"],"system":"x86_64-darwin","unfree":false,"version":"python3-3.12.4"},{"attr_path":"python312Full","broken":false,"derivation":"/nix/store/m5j6vjd10czblhbd6i4pnm22w0dx67d3-python3-3.12.4.drv","description":"High-level dynamically-typed programming language","group":"toplevel","install_id":"python312Full","license":"Python-2.0","locked_url":"https://github.com/flox/nixpkgs?rev=cb9a96f23c491c081b38eab96d22fa958043c9fa","name":"python3-3.12.4","outputs":{"debug":"/nix/store/7sc3hj0s3kr176y65cyknns78g6iqdi9-python3-3.12.4-debug","out":"/nix/store/fvfbagykxcsg6rbrnzks7f1s4fph8786-python3-3.12.4"},"outputs_to_install":["out"],"pname":"python312Full","priority":5,"rev":"cb9a96f23c491c081b38eab96d22fa958043c9fa","rev_count":662544,"rev_date":"2024-08-04T23:25:57Z","scrape_date":"2024-08-07T02:06:32Z","stabilities":["unstable"],"system":"x86_64-linux","unfree":false,"version":"python3-3.12.4"}]}