{
  "lockfile-version": 1,
  "manifest": {
    "version": 1,
    "install": {
      "go": {
        "pkg-path": "go",
        "version": "^1.22.2"
      },
      "pip": {
        "pkg-path": "python312Packages.pip"
      },
      "python312Full": {
        "pkg-path": "python312Full"
      }
    },
    "vars": {},
    "hook": {
      "on-activate": "  # Autogenerated by Flox\n\n  python3 -m venv ./.venv\n  source .venv/bin/activate\n  pip install uv\n  uv pip install -r requirements.txt\n  \n\n  # Point GOENV to Flox environment cache\n  export GOENV=\"$FLOX_ENV_CACHE/goenv\"\n\n  # Install Go dependencies\n  go get .\n\n  # End autogenerated by Flox\n"
    },
    "profile": {
      "common": "unset GOROOT\nalias uvf=\"uv pip freeze | uv pip compile - -o requirements.txt\"\n"
    },
    "options": {
      "systems": [
        "aarch64-darwin",
        "aarch64-linux",
        "x86_64-darwin",
        "x86_64-linux"
      ],
      "allow": {
        "licenses": []
      },
      "semver": {}
    }
  },
  "packages": [
    {
      "attr_path": "go",
      "broken": false,
      "derivation": "/nix/store/kf9cfynwnaafiwrydbjq3rg8cl39x7ab-go-1.22.5.drv",
      "description": "Go Programming language",
      "install_id": "go",
      "license": "BSD-3-Clause",
      "locked_url": "https://github.com/flox/nixpkgs?rev=feb2849fdeb70028c70d73b848214b00d324a497",
      "name": "go-1.22.5",
      "pname": "go",
      "rev": "feb2849fdeb70028c70d73b848214b00d324a497",
      "rev_count": 651108,
      "rev_date": "2024-07-09T16:33:20Z",
      "scrape_date": "2024-07-12T00:17:08Z",
      "stabilities": [
        "staging",
        "unstable"
      ],
      "unfree": false,
      "version": "1.22.5",
      "outputs_to_install": [
        "out"
      ],
      "outputs": {
        "out": "/nix/store/05saqcgidraqmn4z82prsp7rbj9hjmwm-go-1.22.5"
      },
      "system": "aarch64-darwin",
      "group": "toplevel",
      "priority": 5
    },
    {
      "attr_path": "go",
      "broken": false,
      "derivation": "/nix/store/xiw3b87x2vclf70l3vw8zyrp1f9d7a04-go-1.22.5.drv",
      "description": "Go Programming language",
      "install_id": "go",
      "license": "BSD-3-Clause",
      "locked_url": "https://github.com/flox/nixpkgs?rev=feb2849fdeb70028c70d73b848214b00d324a497",
      "name": "go-1.22.5",
      "pname": "go",
      "rev": "feb2849fdeb70028c70d73b848214b00d324a497",
      "rev_count": 651108,
      "rev_date": "2024-07-09T16:33:20Z",
      "scrape_date": "2024-07-12T00:17:08Z",
      "stabilities": [
        "staging",
        "unstable"
      ],
      "unfree": false,
      "version": "1.22.5",
      "outputs_to_install": [
        "out"
      ],
      "outputs": {
        "out": "/nix/store/b97bbxn6kpysysxb8nxn4k39ffxmp4p6-go-1.22.5"
      },
      "system": "aarch64-linux",
      "group": "toplevel",
      "priority": 5
    },
    {
      "attr_path": "go",
      "broken": false,
      "derivation": "/nix/store/m59gdhxsyqdr6b5idcszcas02v0m274i-go-1.22.5.drv",
      "description": "Go Programming language",
      "install_id": "go",
      "license": "BSD-3-Clause",
      "locked_url": "https://github.com/flox/nixpkgs?rev=feb2849fdeb70028c70d73b848214b00d324a497",
      "name": "go-1.22.5",
      "pname": "go",
      "rev": "feb2849fdeb70028c70d73b848214b00d324a497",
      "rev_count": 651108,
      "rev_date": "2024-07-09T16:33:20Z",
      "scrape_date": "2024-07-12T00:17:08Z",
      "stabilities": [
        "staging",
        "unstable"
      ],
      "unfree": false,
      "version": "1.22.5",
      "outputs_to_install": [
        "out"
      ],
      "outputs": {
        "out": "/nix/store/gdyii59c48s4a8q6w584ccgm95qls3lh-go-1.22.5"
      },
      "system": "x86_64-darwin",
      "group": "toplevel",
      "priority": 5
    },
    {
      "attr_path": "go",
      "broken": false,
      "derivation": "/nix/store/4xc10bcp7i0r2q6kkajl9fs8g6nz0wrn-go-1.22.5.drv",
      "description": "Go Programming language",
      "install_id": "go",
      "license": "BSD-3-Clause",
      "locked_url": "https://github.com/flox/nixpkgs?rev=feb2849fdeb70028c70d73b848214b00d324a497",
      "name": "go-1.22.5",
      "pname": "go",
      "rev": "feb2849fdeb70028c70d73b848214b00d324a497",
      "rev_count": 651108,
      "rev_date": "2024-07-09T16:33:20Z",
      "scrape_date": "2024-07-12T00:17:08Z",
      "stabilities": [
        "staging",
        "unstable"
      ],
      "unfree": false,
      "version": "1.22.5",
      "outputs_to_install": [
        "out"
      ],
      "outputs": {
        "out": "/nix/store/3v17dij8rvg7q99009swxg52995r7s22-go-1.22.5"
      },
      "system": "x86_64-linux",
      "group": "toplevel",
      "priority": 5
    },
    {
      "attr_path": "python312Packages.pip",
      "broken": false,
      "derivation": "/nix/store/bkr9m4ad6dndnr0q2z0y3r0fpbix8xzi-python3.12-pip-24.0.drv",
      "description": "PyPA recommended tool for installing Python packages",
      "install_id": "pip",
      "license": "[ MIT ]",
      "locked_url": "https://github.com/flox/nixpkgs?rev=feb2849fdeb70028c70d73b848214b00d324a497",
      "name": "python3.12-pip-24.0",
      "pname": "pip",
      "rev": "feb2849fdeb70028c70d73b848214b00d324a497",
      "rev_count": 651108,
      "rev_date": "2024-07-09T16:33:20Z",
      "scrape_date": "2024-07-12T00:17:08Z",
      "stabilities": [
        "staging",
        "unstable"
      ],
      "unfree": false,
      "version": "python3.12-pip-24.0",
      "outputs_to_install": [
        "out",
        "man"
      ],
      "outputs": {
        "dist": "/nix/store/6wpcdjrk6wj95wb2v7q5zm06cmj9w1c7-python3.12-pip-24.0-dist",
        "man": "/nix/store/pad6sdd500ikddhym5p2h3krblbazs6k-python3.12-pip-24.0-man",
        "out": "/nix/store/2p2wyydd5m787ms85fcic1ap7ql2j2gs-python3.12-pip-24.0"
      },
      "system": "aarch64-darwin",
      "group": "toplevel",
      "priority": 5
    },
    {
      "attr_path": "python312Packages.pip",
      "broken": false,
      "derivation": "/nix/store/yy13h6833w64aff3f2572klqgyyyh68f-python3.12-pip-24.0.drv",
      "description": "PyPA recommended tool for installing Python packages",
      "install_id": "pip",
      "license": "[ MIT ]",
      "locked_url": "https://github.com/flox/nixpkgs?rev=feb2849fdeb70028c70d73b848214b00d324a497",
      "name": "python3.12-pip-24.0",
      "pname": "pip",
      "rev": "feb2849fdeb70028c70d73b848214b00d324a497",
      "rev_count": 651108,
      "rev_date": "2024-07-09T16:33:20Z",
      "scrape_date": "2024-07-12T00:17:08Z",
      "stabilities": [
        "staging",
        "unstable"
      ],
      "unfree": false,
      "version": "python3.12-pip-24.0",
      "outputs_to_install": [
        "out",
        "man"
      ],
      "outputs": {
        "dist": "/nix/store/y49wc2lcia8ji5sa9szc7b6gk7mr2mhi-python3.12-pip-24.0-dist",
        "man": "/nix/store/z3lq18q7slp92q7wgqm34s7v4vg222hw-python3.12-pip-24.0-man",
        "out": "/nix/store/3m2j8ydrz8rj42aramlvh7hkc15izm52-python3.12-pip-24.0"
      },
      "system": "aarch64-linux",
      "group": "toplevel",
      "priority": 5
    },
    {
      "attr_path": "python312Packages.pip",
      "broken": false,
      "derivation": "/nix/store/970rggblrxw7s820b1jzi6hxsrjfykf0-python3.12-pip-24.0.drv",
      "description": "PyPA recommended tool for installing Python packages",
      "install_id": "pip",
      "license": "[ MIT ]",
      "locked_url": "https://github.com/flox/nixpkgs?rev=feb2849fdeb70028c70d73b848214b00d324a497",
      "name": "python3.12-pip-24.0",
      "pname": "pip",
      "rev": "feb2849fdeb70028c70d73b848214b00d324a497",
      "rev_count": 651108,
      "rev_date": "2024-07-09T16:33:20Z",
      "scrape_date": "2024-07-12T00:17:08Z",
      "stabilities": [
        "staging",
        "unstable"
      ],
      "unfree": false,
      "version": "python3.12-pip-24.0",
      "outputs_to_install": [
        "out",
        "man"
      ],
      "outputs": {
        "dist": "/nix/store/rp5mhjjjll87pa7lmdad5b01wgz8qa91-python3.12-pip-24.0-dist",
        "man": "/nix/store/j9csjm7dq29qpyvwnv48fslqm0b6dwzi-python3.12-pip-24.0-man",
        "out": "/nix/store/rh3z88c38c9xn52rdkp1swxy0rml3bjv-python3.12-pip-24.0"
      },
      "system": "x86_64-darwin",
      "group": "toplevel",
      "priority": 5
    },
    {
      "attr_path": "python312Packages.pip",
      "broken": false,
      "derivation": "/nix/store/hlkxpmavxld8mqg99g1h1f4vb69jin66-python3.12-pip-24.0.drv",
      "description": "PyPA recommended tool for installing Python packages",
      "install_id": "pip",
      "license": "[ MIT ]",
      "locked_url": "https://github.com/flox/nixpkgs?rev=feb2849fdeb70028c70d73b848214b00d324a497",
      "name": "python3.12-pip-24.0",
      "pname": "pip",
      "rev": "feb2849fdeb70028c70d73b848214b00d324a497",
      "rev_count": 651108,
      "rev_date": "2024-07-09T16:33:20Z",
      "scrape_date": "2024-07-12T00:17:08Z",
      "stabilities": [
        "staging",
        "unstable"
      ],
      "unfree": false,
      "version": "python3.12-pip-24.0",
      "outputs_to_install": [
        "out",
        "man"
      ],
      "outputs": {
        "dist": "/nix/store/0x4s6vyfivk6fck7lp1dwrg79gp0nvmg-python3.12-pip-24.0-dist",
        "man": "/nix/store/57hvcf28az2fx50z6kx3w6ijl0yazy4z-python3.12-pip-24.0-man",
        "out": "/nix/store/9gd8kj409msfv599456ywbyi97izlbr4-python3.12-pip-24.0"
      },
      "system": "x86_64-linux",
      "group": "toplevel",
      "priority": 5
    },
    {
      "attr_path": "python312Full",
      "broken": false,
      "derivation": "/nix/store/m8s030dk8nf3nd74lqz8idmg10hg8lq7-python3-3.12.4.drv",
      "description": "High-level dynamically-typed programming language",
      "install_id": "python312Full",
      "license": "Python-2.0",
      "locked_url": "https://github.com/flox/nixpkgs?rev=feb2849fdeb70028c70d73b848214b00d324a497",
      "name": "python3-3.12.4",
      "pname": "python312Full",
      "rev": "feb2849fdeb70028c70d73b848214b00d324a497",
      "rev_count": 651108,
      "rev_date": "2024-07-09T16:33:20Z",
      "scrape_date": "2024-07-12T00:17:08Z",
      "stabilities": [
        "staging",
        "unstable"
      ],
      "unfree": false,
      "version": "python3-3.12.4",
      "outputs_to_install": [
        "out"
      ],
      "outputs": {
        "out": "/nix/store/sd6h0b2lzrk6bz1wmhnxs5gnb8qawl32-python3-3.12.4"
      },
      "system": "aarch64-darwin",
      "group": "toplevel",
      "priority": 5
    },
    {
      "attr_path": "python312Full",
      "broken": false,
      "derivation": "/nix/store/7i4mv9vbv8jg6krgbdpryigszqfy41hm-python3-3.12.4.drv",
      "description": "High-level dynamically-typed programming language",
      "install_id": "python312Full",
      "license": "Python-2.0",
      "locked_url": "https://github.com/flox/nixpkgs?rev=feb2849fdeb70028c70d73b848214b00d324a497",
      "name": "python3-3.12.4",
      "pname": "python312Full",
      "rev": "feb2849fdeb70028c70d73b848214b00d324a497",
      "rev_count": 651108,
      "rev_date": "2024-07-09T16:33:20Z",
      "scrape_date": "2024-07-12T00:17:08Z",
      "stabilities": [
        "staging",
        "unstable"
      ],
      "unfree": false,
      "version": "python3-3.12.4",
      "outputs_to_install": [
        "out"
      ],
      "outputs": {
        "debug": "/nix/store/z71qca5a2kn0mn99snbqlkqcsj8gajga-python3-3.12.4-debug",
        "out": "/nix/store/sxdwmx89b8z5zlw9kcb3y1m3pylfyx1f-python3-3.12.4"
      },
      "system": "aarch64-linux",
      "group": "toplevel",
      "priority": 5
    },
    {
      "attr_path": "python312Full",
      "broken": false,
      "derivation": "/nix/store/3jw8p29hrzj7jivvfyirxxsvma4bg6v5-python3-3.12.4.drv",
      "description": "High-level dynamically-typed programming language",
      "install_id": "python312Full",
      "license": "Python-2.0",
      "locked_url": "https://github.com/flox/nixpkgs?rev=feb2849fdeb70028c70d73b848214b00d324a497",
      "name": "python3-3.12.4",
      "pname": "python312Full",
      "rev": "feb2849fdeb70028c70d73b848214b00d324a497",
      "rev_count": 651108,
      "rev_date": "2024-07-09T16:33:20Z",
      "scrape_date": "2024-07-12T00:17:08Z",
      "stabilities": [
        "staging",
        "unstable"
      ],
      "unfree": false,
      "version": "python3-3.12.4",
      "outputs_to_install": [
        "out"
      ],
      "outputs": {
        "out": "/nix/store/v3hnv3f0rz4dzjmk0l41ygw2wix12vhb-python3-3.12.4"
      },
      "system": "x86_64-darwin",
      "group": "toplevel",
      "priority": 5
    },
    {
      "attr_path": "python312Full",
      "broken": false,
      "derivation": "/nix/store/py7rdyy1lzwqsw0bqkibwhcczf3jilnb-python3-3.12.4.drv",
      "description": "High-level dynamically-typed programming language",
      "install_id": "python312Full",
      "license": "Python-2.0",
      "locked_url": "https://github.com/flox/nixpkgs?rev=feb2849fdeb70028c70d73b848214b00d324a497",
      "name": "python3-3.12.4",
      "pname": "python312Full",
      "rev": "feb2849fdeb70028c70d73b848214b00d324a497",
      "rev_count": 651108,
      "rev_date": "2024-07-09T16:33:20Z",
      "scrape_date": "2024-07-12T00:17:08Z",
      "stabilities": [
        "staging",
        "unstable"
      ],
      "unfree": false,
      "version": "python3-3.12.4",
      "outputs_to_install": [
        "out"
      ],
      "outputs": {
        "debug": "/nix/store/x5d98srcsdl7swi7j3rnybd1plc4kpm9-python3-3.12.4-debug",
        "out": "/nix/store/nvvjflxkniknl87m294l1c9h2cs2qkj3-python3-3.12.4"
      },
      "system": "x86_64-linux",
      "group": "toplevel",
      "priority": 5
    }
  ]
}